
Microsoft Visual Studio Solution File, Format Version 12.00
# Visual Studio Version 16
VisualStudioVersion = 16.0.30717.126
MinimumVisualStudioVersion = 10.0.40219.1
Project("{8BC9CEB8-8B4A-11D0-8D11-00A0C91BC942}") = "From Uppercase to Lowercase", "From Uppercase to Lowercase\From Uppercase to Lowercase.vcxproj", "{D94FEC6C-7D9A-4F94-AF20-EA30B98E6A7D}"
EndProject
Global
	GlobalSection(SolutionConfigurationPlatforms) = preSolution
		Debug|x64 = Debug|x64
		Debug|x86 = Debug|x86
		Release|x64 = Release|x64
		Release|x86 = Release|x86
	EndGlobalSection
	GlobalSection(ProjectConfigurationPlatforms) = postSolution
		{D94FEC6C-7D9A-4F94-AF20-EA30B98E6A7D}.Debug|x64.ActiveCfg = Debug|x64
		{D94FEC6C-7D9A-4F94-AF20-EA30B98E6A7D}.Debug|x64.Build.0 = Debug|x64
		{D94FEC6C-7D9A-4F94-AF20-EA30B98E6A7D}.Debug|x86.ActiveCfg = Debug|Win32
		{D94FEC6C-7D9A-4F94-AF20-EA30B98E6A7D}.Debug|x86.Build.0 = Debug|Win32
		{D94FEC6C-7D9A-4F94-AF20-EA30B98E6A7D}.Release|x64.ActiveCfg = Release|x64
		{D94FEC6C-7D9A-4F94-AF20-EA30B98E6A7D}.Release|x64.Build.0 = Release|x64
		{D94FEC6C-7D9A-4F94-AF20-EA30B98E6A7D}.Release|x86.ActiveCfg = Release|Win32
		{D94FEC6C-7D9A-4F94-AF20-EA30B98E6A7D}.Release|x86.Build.0 = Release|Win32
	EndGlobalSection
	GlobalSection(SolutionProperties) = preSolution
		HideSolutionNode = FALSE
	EndGlobalSection
	GlobalSection(ExtensibilityGlobals) = postSolution
		SolutionGuid = {115128C1-9F66-4057-AEDD-2C1A71E4CB57}
	EndGlobalSection
EndGlobal
